Microsoft Visual Studio Solution File, Format Version 12.00
# Visual Studio 15
VisualStudioVersion = 15.0.27130.2027
MinimumVisualStudioVersion = 15.0.26124.0
Project("{9A19103F-16F7-4668-BE54-9A1E7A4F7556}") = "12_blazor_cookieclicker.Server", "12_blazor_cookieclicker.Server\12_blazor_cookieclicker.Server.csproj", "{73A02721-C9FD-4BCB-8A47-1A4CFDC47B81}"
EndProject
Project("{9A19103F-16F7-4668-BE54-9A1E7A4F7556}") = "12_blazor_cookieclicker.App", "12_blazor_cookieclicker.App\12_blazor_cookieclicker.App.csproj", "{118DC8FD-385B-49D2-8D4E-A9EBE401E3CE}"
EndProject
Global
	GlobalSection(SolutionConfigurationPlatforms) = preSolution
		Debug|Any CPU = Debug|Any CPU
		Debug|x64 = Debug|x64
		Debug|x86 = Debug|x86
		Release|Any CPU = Release|Any CPU
		Release|x64 = Release|x64
		Release|x86 = Release|x86
	EndGlobalSection
	GlobalSection(ProjectConfigurationPlatforms) = postSolution
		{118DC8FD-385B-49D2-8D4E-A9EBE401E3CE}.Debug|Any CPU.ActiveCfg = Debug|Any CPU
		{118DC8FD-385B-49D2-8D4E-A9EBE401E3CE}.Debug|Any CPU.Build.0 = Debug|Any CPU
		{118DC8FD-385B-49D2-8D4E-A9EBE401E3CE}.Debug|x64.ActiveCfg = Debug|Any CPU
		{118DC8FD-385B-49D2-8D4E-A9EBE401E3CE}.Debug|x64.Build.0 = Debug|Any CPU
		{118DC8FD-385B-49D2-8D4E-A9EBE401E3CE}.Debug|x86.ActiveCfg = Debug|Any CPU
		{118DC8FD-385B-49D2-8D4E-A9EBE401E3CE}.Debug|x86.Build.0 = Debug|Any CPU
		{118DC8FD-385B-49D2-8D4E-A9EBE401E3CE}.Release|Any CPU.ActiveCfg = Release|Any CPU
		{118DC8FD-385B-49D2-8D4E-A9EBE401E3CE}.Release|Any CPU.Build.0 = Release|Any CPU
		{118DC8FD-385B-49D2-8D4E-A9EBE401E3CE}.Release|x64.ActiveCfg = Release|Any CPU
		{118DC8FD-385B-49D2-8D4E-A9EBE401E3CE}.Release|x64.Build.0 = Release|Any CPU
		{118DC8FD-385B-49D2-8D4E-A9EBE401E3CE}.Release|x86.ActiveCfg = Release|Any CPU
		{118DC8FD-385B-49D2-8D4E-A9EBE401E3CE}.Release|x86.Build.0 = Release|Any CPU
		{73A02721-C9FD-4BCB-8A47-1A4CFDC47B81}.Debug|Any CPU.ActiveCfg = Debug|Any CPU
		{73A02721-C9FD-4BCB-8A47-1A4CFDC47B81}.Debug|Any CPU.Build.0 = Debug|Any CPU
		{73A02721-C9FD-4BCB-8A47-1A4CFDC47B81}.Debug|x64.ActiveCfg = Debug|Any CPU
		{73A02721-C9FD-4BCB-8A47-1A4CFDC47B81}.Debug|x64.Build.0 = Debug|Any CPU
		{73A02721-C9FD-4BCB-8A47-1A4CFDC47B81}.Debug|x86.ActiveCfg = Debug|Any CPU
		{73A02721-C9FD-4BCB-8A47-1A4CFDC47B81}.Debug|x86.Build.0 = Debug|Any CPU
		{73A02721-C9FD-4BCB-8A47-1A4CFDC47B81}.Release|Any CPU.ActiveCfg = Release|Any CPU
		{73A02721-C9FD-4BCB-8A47-1A4CFDC47B81}.Release|Any CPU.Build.0 = Release|Any CPU
		{73A02721-C9FD-4BCB-8A47-1A4CFDC47B81}.Release|x64.ActiveCfg = Release|Any CPU
		{73A02721-C9FD-4BCB-8A47-1A4CFDC47B81}.Release|x64.Build.0 = Release|Any CPU
		{73A02721-C9FD-4BCB-8A47-1A4CFDC47B81}.Release|x86.ActiveCfg = Release|Any CPU
		{73A02721-C9FD-4BCB-8A47-1A4CFDC47B81}.Release|x86.Build.0 = Release|Any CPU
	EndGlobalSection
	GlobalSection(SolutionProperties) = preSolution
		HideSolutionNode = FALSE
	EndGlobalSection
	GlobalSection(ExtensibilityGlobals) = postSolution
		SolutionGuid = {75930A26-1940-4384-BCB7-25B98AC59EA5}
	EndGlobalSection
EndGlobal
