
Microsoft Visual Studio Solution File, Format Version 12.00
# Visual Studio 15
VisualStudioVersion = 15.0.28307.329
MinimumVisualStudioVersion = 10.0.40219.1
Project("{9A19103F-16F7-4668-BE54-9A1E7A4F7556}") = "05-m-net-research1", "05-m-net-research1.csproj", "{D1981D10-B9E4-4AAD-B433-F4013F7BA32A}"
EndProject
Global
	GlobalSection(SolutionConfigurationPlatforms) = preSolution
		Debug|Any CPU = Debug|Any CPU
		debug2|Any CPU = debug2|Any CPU
		Release|Any CPU = Release|Any CPU
	EndGlobalSection
	GlobalSection(ProjectConfigurationPlatforms) = postSolution
		{D1981D10-B9E4-4AAD-B433-F4013F7BA32A}.Debug|Any CPU.ActiveCfg = Debug|Any CPU
		{D1981D10-B9E4-4AAD-B433-F4013F7BA32A}.Debug|Any CPU.Build.0 = Debug|Any CPU
		{D1981D10-B9E4-4AAD-B433-F4013F7BA32A}.debug2|Any CPU.ActiveCfg = debug2|Any CPU
		{D1981D10-B9E4-4AAD-B433-F4013F7BA32A}.debug2|Any CPU.Build.0 = debug2|Any CPU
		{D1981D10-B9E4-4AAD-B433-F4013F7BA32A}.Release|Any CPU.ActiveCfg = Release|Any CPU
		{D1981D10-B9E4-4AAD-B433-F4013F7BA32A}.Release|Any CPU.Build.0 = Release|Any CPU
	EndGlobalSection
	GlobalSection(SolutionProperties) = preSolution
		HideSolutionNode = FALSE
	EndGlobalSection
	GlobalSection(ExtensibilityGlobals) = postSolution
		SolutionGuid = {91DAB29C-14C6-4410-844B-6E362482B0F1}
	EndGlobalSection
EndGlobal
