
Microsoft Visual Studio Solution File, Format Version 12.00
# Visual Studio 15
VisualStudioVersion = 15.0.28307.329
MinimumVisualStudioVersion = 10.0.40219.1
Project("{FAE04EC0-301F-11D3-BF4B-00C04F79EFBC}") = "06-ml-dataset-scraper", "06-ml-dataset-scraper\06-ml-dataset-scraper.csproj", "{4A4C3A58-6999-4088-AFFD-4358BF95E90F}"
EndProject
Global
	GlobalSection(SolutionConfigurationPlatforms) = preSolution
		Debug|Any CPU = Debug|Any CPU
		Release|Any CPU = Release|Any CPU
	EndGlobalSection
	GlobalSection(ProjectConfigurationPlatforms) = postSolution
		{4A4C3A58-6999-4088-AFFD-4358BF95E90F}.Debug|Any CPU.ActiveCfg = Debug|Any CPU
		{4A4C3A58-6999-4088-AFFD-4358BF95E90F}.Debug|Any CPU.Build.0 = Debug|Any CPU
		{4A4C3A58-6999-4088-AFFD-4358BF95E90F}.Release|Any CPU.ActiveCfg = Release|Any CPU
		{4A4C3A58-6999-4088-AFFD-4358BF95E90F}.Release|Any CPU.Build.0 = Release|Any CPU
	EndGlobalSection
	GlobalSection(SolutionProperties) = preSolution
		HideSolutionNode = FALSE
	EndGlobalSection
	GlobalSection(ExtensibilityGlobals) = postSolution
		SolutionGuid = {333089EE-FD12-4545-8FF4-93A154BB0693}
	EndGlobalSection
EndGlobal
