
Microsoft Visual Studio Solution File, Format Version 12.00
# Visual Studio 15
VisualStudioVersion = 15.0.28307.329
MinimumVisualStudioVersion = 10.0.40219.1
Project("{FAE04EC0-301F-11D3-BF4B-00C04F79EFBC}") = "Space_Fridge_Forum", "Space_Fridge_Forum\Space_Fridge_Forum.csproj", "{1A9DAA10-7005-4C9C-ADAE-B90C2012E1C9}"
EndProject
Global
	GlobalSection(SolutionConfigurationPlatforms) = preSolution
		Debug|Any CPU = Debug|Any CPU
		Release|Any CPU = Release|Any CPU
	EndGlobalSection
	GlobalSection(ProjectConfigurationPlatforms) = postSolution
		{1A9DAA10-7005-4C9C-ADAE-B90C2012E1C9}.Debug|Any CPU.ActiveCfg = Debug|Any CPU
		{1A9DAA10-7005-4C9C-ADAE-B90C2012E1C9}.Debug|Any CPU.Build.0 = Debug|Any CPU
		{1A9DAA10-7005-4C9C-ADAE-B90C2012E1C9}.Release|Any CPU.ActiveCfg = Release|Any CPU
		{1A9DAA10-7005-4C9C-ADAE-B90C2012E1C9}.Release|Any CPU.Build.0 = Release|Any CPU
	EndGlobalSection
	GlobalSection(SolutionProperties) = preSolution
		HideSolutionNode = FALSE
	EndGlobalSection
	GlobalSection(ExtensibilityGlobals) = postSolution
		SolutionGuid = {0ED48881-92AB-4C78-9BBE-73169F20547A}
	EndGlobalSection
EndGlobal
