
Microsoft Visual Studio Solution File, Format Version 12.00
# Visual Studio 15
VisualStudioVersion = 15.0.28307.329
MinimumVisualStudioVersion = 10.0.40219.1
Project("{FAE04EC0-301F-11D3-BF4B-00C04F79EFBC}") = "06-ml-net-research2", "06-ml-net-research2\06-ml-net-research2.csproj", "{92AB0B96-8473-41BE-ACC5-FD3A8D8CCADE}"
EndProject
Global
	GlobalSection(SolutionConfigurationPlatforms) = preSolution
		Debug|Any CPU = Debug|Any CPU
		Release|Any CPU = Release|Any CPU
	EndGlobalSection
	GlobalSection(ProjectConfigurationPlatforms) = postSolution
		{92AB0B96-8473-41BE-ACC5-FD3A8D8CCADE}.Debug|Any CPU.ActiveCfg = Debug|Any CPU
		{92AB0B96-8473-41BE-ACC5-FD3A8D8CCADE}.Debug|Any CPU.Build.0 = Debug|Any CPU
		{92AB0B96-8473-41BE-ACC5-FD3A8D8CCADE}.Release|Any CPU.ActiveCfg = Release|Any CPU
		{92AB0B96-8473-41BE-ACC5-FD3A8D8CCADE}.Release|Any CPU.Build.0 = Release|Any CPU
	EndGlobalSection
	GlobalSection(SolutionProperties) = preSolution
		HideSolutionNode = FALSE
	EndGlobalSection
	GlobalSection(ExtensibilityGlobals) = postSolution
		SolutionGuid = {0C9FFC49-30BA-40A1-908F-0D145CC4442B}
	EndGlobalSection
EndGlobal
